// !$*UTF8*$!
{
	archiveVersion = 1;
	classes = {
	};
	objectVersion = 50;
	objects = {

/* Begin PBXBuildFile section */
		43A4D7FC25CDBA7600A3E185 /* Tests_iOS.swift in Sources */ = {isa = PBXBuildFile; fileRef = 43A4D7FB25CDBA7600A3E185 /* Tests_iOS.swift */; };
		43A4D80725CDBA7600A3E185 /* Tests_macOS.swift in Sources */ = {isa = PBXBuildFile; fileRef = 43A4D80625CDBA7600A3E185 /* Tests_macOS.swift */; };
		43A4D80925CDBA7600A3E185 /* HW_2_ErrorAssesementApp.swift in Sources */ = {isa = PBXBuildFile; fileRef = 43A4D7E025CDBA7500A3E185 /* HW_2_ErrorAssesementApp.swift */; };
		43A4D80A25CDBA7600A3E185 /* HW_2_ErrorAssesementApp.swift in Sources */ = {isa = PBXBuildFile; fileRef = 43A4D7E025CDBA7500A3E185 /* HW_2_ErrorAssesementApp.swift */; };
		43A4D80B25CDBA7600A3E185 /* ContentView.swift in Sources */ = {isa = PBXBuildFile; fileRef = 43A4D7E125CDBA7500A3E185 /* ContentView.swift */; };
		43A4D80C25CDBA7600A3E185 /* ContentView.swift in Sources */ = {isa = PBXBuildFile; fileRef = 43A4D7E125CDBA7500A3E185 /* ContentView.swift */; };
		43A4D80D25CDBA7600A3E185 /* Assets.xcassets in Resources */ = {isa = PBXBuildFile; fileRef = 43A4D7E225CDBA7600A3E185 /* Assets.xcassets */; };
		43A4D80E25CDBA7600A3E185 /* Assets.xcassets in Resources */ = {isa = PBXBuildFile; fileRef = 43A4D7E225CDBA7600A3E185 /* Assets.xcassets */; };
/* End PBXBuildFile section */

/* Begin PBXContainerItemProxy section */
		43A4D7F825CDBA7600A3E185 /* PBXContainerItemProxy */ = {
			isa = PBXContainerItemProxy;
			containerPortal = 43A4D7DB25CDBA7500A3E185 /* Project object */;
			proxyType = 1;
			remoteGlobalIDString = 43A4D7E625CDBA7600A3E185;
			remoteInfo = "HW.2.ErrorAssesement (iOS)";
		};
		43A4D80325CDBA7600A3E185 /* PBXContainerItemProxy */ = {
			isa = PBXContainerItemProxy;
			containerPortal = 43A4D7DB25CDBA7500A3E185 /* Project object */;
			proxyType = 1;
			remoteGlobalIDString = 43A4D7EE25CDBA7600A3E185;
			remoteInfo = "HW.2.ErrorAssesement (macOS)";
		};
/* End PBXContainerItemProxy section */

/* Begin PBXFileReference section */
		43A4D7E025CDBA7500A3E185 /* HW_2_ErrorAssesementApp.swift */ = {isa = PBXFileReference; lastKnownFileType = sourcecode.swift; path = HW_2_ErrorAssesementApp.swift; sourceTree = "<group>"; };
		43A4D7E125CDBA7500A3E185 /* ContentView.swift */ = {isa = PBXFileReference; lastKnownFileType = sourcecode.swift; path = ContentView.swift; sourceTree = "<group>"; };
		43A4D7E225CDBA7600A3E185 /* Assets.xcassets */ = {isa = PBXFileReference; lastKnownFileType = folder.assetcatalog; path = Assets.xcassets; sourceTree = "<group>"; };
		43A4D7E725CDBA7600A3E185 /* HW.2.ErrorAssesement.app */ = {isa = PBXFileReference; explicitFileType = wrapper.application; includeInIndex = 0; path = HW.2.ErrorAssesement.app; sourceTree = BUILT_PRODUCTS_DIR; };
		43A4D7EA25CDBA7600A3E185 /* Info.plist */ = {isa = PBXFileReference; lastKnownFileType = text.plist.xml; path = Info.plist; sourceTree = "<group>"; };
		43A4D7EF25CDBA7600A3E185 /* HW.2.ErrorAssesement.app */ = {isa = PBXFileReference; explicitFileType = wrapper.application; includeInIndex = 0; path = HW.2.ErrorAssesement.app; sourceTree = BUILT_PRODUCTS_DIR; };
		43A4D7F125CDBA7600A3E185 /* Info.plist */ = {isa = PBXFileReference; lastKnownFileType = text.plist.xml; path = Info.plist; sourceTree = "<group>"; };
		43A4D7F225CDBA7600A3E185 /* macOS.entitlements */ = {isa = PBXFileReference; lastKnownFileType = text.plist.entitlements; path = macOS.entitlements; sourceTree = "<group>"; };
		43A4D7F725CDBA7600A3E185 /* Tests iOS.xctest */ = {isa = PBXFileReference; explicitFileType = wrapper.cfbundle; includeInIndex = 0; path = "Tests iOS.xctest"; sourceTree = BUILT_PRODUCTS_DIR; };
		43A4D7FB25CDBA7600A3E185 /* Tests_iOS.swift */ = {isa = PBXFileReference; lastKnownFileType = sourcecode.swift; path = Tests_iOS.swift; sourceTree = "<group>"; };
		43A4D7FD25CDBA7600A3E185 /* Info.plist */ = {isa = PBXFileReference; lastKnownFileType = text.plist.xml; path = Info.plist; sourceTree = "<group>"; };
		43A4D80225CDBA7600A3E185 /* Tests macOS.xctest */ = {isa = PBXFileReference; explicitFileType = wrapper.cfbundle; includeInIndex = 0; path = "Tests macOS.xctest"; sourceTree = BUILT_PRODUCTS_DIR; };
		43A4D80625CDBA7600A3E185 /* Tests_macOS.swift */ = {isa = PBXFileReference; lastKnownFileType = sourcecode.swift; path = Tests_macOS.swift; sourceTree = "<group>"; };
		43A4D80825CDBA7600A3E185 /* Info.plist */ = {isa = PBXFileReference; lastKnownFileType = text.plist.xml; path = Info.plist; sourceTree = "<group>"; };
/* End PBXFileReference section */

/* Begin PBXFrameworksBuildPhase section */
		43A4D7E425CDBA7600A3E185 /* Frameworks */ = {
			isa = PBXFrameworksBuildPhase;
			buildActionMask = 2147483647;
			files = (
			);
			runOnlyForDeploymentPostprocessing = 0;
		};
		43A4D7EC25CDBA7600A3E185 /* Frameworks */ = {
			isa = PBXFrameworksBuildPhase;
			buildActionMask = 2147483647;
			files = (
			);
			runOnlyForDeploymentPostprocessing = 0;
		};
		43A4D7F425CDBA7600A3E185 /* Frameworks */ = {
			isa = PBXFrameworksBuildPhase;
			buildActionMask = 2147483647;
			files = (
			);
			runOnlyForDeploymentPostprocessing = 0;
		};
		43A4D7FF25CDBA7600A3E185 /* Frameworks */ = {
			isa = PBXFrameworksBuildPhase;
			buildActionMask = 2147483647;
			files = (
			);
			runOnlyForDeploymentPostprocessing = 0;
		};
/* End PBXFrameworksBuildPhase section */

/* Begin PBXGroup section */
		43A4D7DA25CDBA7500A3E185 = {
			isa = PBXGroup;
			children = (
				43A4D7DF25CDBA7500A3E185 /* Shared */,
				43A4D7E925CDBA7600A3E185 /* iOS */,
				43A4D7F025CDBA7600A3E185 /* macOS */,
				43A4D7FA25CDBA7600A3E185 /* Tests iOS */,
				43A4D80525CDBA7600A3E185 /* Tests macOS */,
				43A4D7E825CDBA7600A3E185 /* Products */,
			);
			sourceTree = "<group>";
		};
		43A4D7DF25CDBA7500A3E185 /* Shared */ = {
			isa = PBXGroup;
			children = (
				43A4D7E025CDBA7500A3E185 /* HW_2_ErrorAssesementApp.swift */,
				43A4D7E125CDBA7500A3E185 /* ContentView.swift */,
				43A4D7E225CDBA7600A3E185 /* Assets.xcassets */,
			);
			path = Shared;
			sourceTree = "<group>";
		};
		43A4D7E825CDBA7600A3E185 /* Products */ = {
			isa = PBXGroup;
			children = (
				43A4D7E725CDBA7600A3E185 /* HW.2.ErrorAssesement.app */,
				43A4D7EF25CDBA7600A3E185 /* HW.2.ErrorAssesement.app */,
				43A4D7F725CDBA7600A3E185 /* Tests iOS.xctest */,
				43A4D80225CDBA7600A3E185 /* Tests macOS.xctest */,
			);
			name = Products;
			sourceTree = "<group>";
		};
		43A4D7E925CDBA7600A3E185 /* iOS */ = {
			isa = PBXGroup;
			children = (
				43A4D7EA25CDBA7600A3E185 /* Info.plist */,
			);
			path = iOS;
			sourceTree = "<group>";
		};
		43A4D7F025CDBA7600A3E185 /* macOS */ = {
			isa = PBXGroup;
			children = (
				43A4D7F125CDBA7600A3E185 /* Info.plist */,
				43A4D7F225CDBA7600A3E185 /* macOS.entitlements */,
			);
			path = macOS;
			sourceTree = "<group>";
		};
		43A4D7FA25CDBA7600A3E185 /* Tests iOS */ = {
			isa = PBXGroup;
			children = (
				43A4D7FB25CDBA7600A3E185 /* Tests_iOS.swift */,
				43A4D7FD25CDBA7600A3E185 /* Info.plist */,
			);
			path = "Tests iOS";
			sourceTree = "<group>";
		};
		43A4D80525CDBA7600A3E185 /* Tests macOS */ = {
			isa = PBXGroup;
			children = (
				43A4D80625CDBA7600A3E185 /* Tests_macOS.swift */,
				43A4D80825CDBA7600A3E185 /* Info.plist */,
			);
			path = "Tests macOS";
			sourceTree = "<group>";
		};
/* End PBXGroup section */

/* Begin PBXNativeTarget section */
		43A4D7E625CDBA7600A3E185 /* HW.2.ErrorAssesement (iOS) */ = {
			isa = PBXNativeTarget;
			buildConfigurationList = 43A4D81125CDBA7600A3E185 /* Build configuration list for PBXNativeTarget "HW.2.ErrorAssesement (iOS)" */;
			buildPhases = (
				43A4D7E325CDBA7600A3E185 /* Sources */,
				43A4D7E425CDBA7600A3E185 /* Frameworks */,
				43A4D7E525CDBA7600A3E185 /* Resources */,
			);
			buildRules = (
			);
			dependencies = (
			);
			name = "HW.2.ErrorAssesement (iOS)";
			productName = "HW.2.ErrorAssesement (iOS)";
			productReference = 43A4D7E725CDBA7600A3E185 /* HW.2.ErrorAssesement.app */;
			productType = "com.apple.product-type.application";
		};
		43A4D7EE25CDBA7600A3E185 /* HW.2.ErrorAssesement (macOS) */ = {
			isa = PBXNativeTarget;
			buildConfigurationList = 43A4D81425CDBA7600A3E185 /* Build configuration list for PBXNativeTarget "HW.2.ErrorAssesement (macOS)" */;
			buildPhases = (
				43A4D7EB25CDBA7600A3E185 /* Sources */,
				43A4D7EC25CDBA7600A3E185 /* Frameworks */,
				43A4D7ED25CDBA7600A3E185 /* Resources */,
			);
			buildRules = (
			);
			dependencies = (
			);
			name = "HW.2.ErrorAssesement (macOS)";
			productName = "HW.2.ErrorAssesement (macOS)";
			productReference = 43A4D7EF25CDBA7600A3E185 /* HW.2.ErrorAssesement.app */;
			productType = "com.apple.product-type.application";
		};
		43A4D7F625CDBA7600A3E185 /* Tests iOS */ = {
			isa = PBXNativeTarget;
			buildConfigurationList = 43A4D81725CDBA7600A3E185 /* Build configuration list for PBXNativeTarget "Tests iOS" */;
			buildPhases = (
				43A4D7F325CDBA7600A3E185 /* Sources */,
				43A4D7F425CDBA7600A3E185 /* Frameworks */,
				43A4D7F525CDBA7600A3E185 /* Resources */,
			);
			buildRules = (
			);
			dependencies = (
				43A4D7F925CDBA7600A3E185 /* PBXTargetDependency */,
			);
			name = "Tests iOS";
			productName = "Tests iOS";
			productReference = 43A4D7F725CDBA7600A3E185 /* Tests iOS.xctest */;
			productType = "com.apple.product-type.bundle.ui-testing";
		};
		43A4D80125CDBA7600A3E185 /* Tests macOS */ = {
			isa = PBXNativeTarget;
			buildConfigurationList = 43A4D81A25CDBA7600A3E185 /* Build configuration list for PBXNativeTarget "Tests macOS" */;
			buildPhases = (
				43A4D7FE25CDBA7600A3E185 /* Sources */,
				43A4D7FF25CDBA7600A3E185 /* Frameworks */,
				43A4D80025CDBA7600A3E185 /* Resources */,
			);
			buildRules = (
			);
			dependencies = (
				43A4D80425CDBA7600A3E185 /* PBXTargetDependency */,
			);
			name = "Tests macOS";
			productName = "Tests macOS";
			productReference = 43A4D80225CDBA7600A3E185 /* Tests macOS.xctest */;
			productType = "com.apple.product-type.bundle.ui-testing";
		};
/* End PBXNativeTarget section */

/* Begin PBXProject section */
		43A4D7DB25CDBA7500A3E185 /* Project object */ = {
			isa = PBXProject;
			attributes = {
				LastSwiftUpdateCheck = 1240;
				LastUpgradeCheck = 1240;
				TargetAttributes = {
					43A4D7E625CDBA7600A3E185 = {
						CreatedOnToolsVersion = 12.4;
					};
					43A4D7EE25CDBA7600A3E185 = {
						CreatedOnToolsVersion = 12.4;
					};
					43A4D7F625CDBA7600A3E185 = {
						CreatedOnToolsVersion = 12.4;
						TestTargetID = 43A4D7E625CDBA7600A3E185;
					};
					43A4D80125CDBA7600A3E185 = {
						CreatedOnToolsVersion = 12.4;
						TestTargetID = 43A4D7EE25CDBA7600A3E185;
					};
				};
			};
			buildConfigurationList = 43A4D7DE25CDBA7500A3E185 /* Build configuration list for PBXProject "HW.2.ErrorAssesement" */;
			compatibilityVersion = "Xcode 9.3";
			developmentRegion = en;
			hasScannedForEncodings = 0;
			knownRegions = (
				en,
				Base,
			);
			mainGroup = 43A4D7DA25CDBA7500A3E185;
			productRefGroup = 43A4D7E825CDBA7600A3E185 /* Products */;
			projectDirPath = "";
			projectRoot = "";
			targets = (
				43A4D7E625CDBA7600A3E185 /* HW.2.ErrorAssesement (iOS) */,
				43A4D7EE25CDBA7600A3E185 /* HW.2.ErrorAssesement (macOS) */,
				43A4D7F625CDBA7600A3E185 /* Tests iOS */,
				43A4D80125CDBA7600A3E185 /* Tests macOS */,
			);
		};
/* End PBXProject section */

/* Begin PBXResourcesBuildPhase section */
		43A4D7E525CDBA7600A3E185 /* Resources */ = {
			isa = PBXResourcesBuildPhase;
			buildActionMask = 2147483647;
			files = (
				43A4D80D25CDBA7600A3E185 /* Assets.xcassets in Resources */,
			);
			runOnlyForDeploymentPostprocessing = 0;
		};
		43A4D7ED25CDBA7600A3E185 /* Resources */ = {
			isa = PBXResourcesBuildPhase;
			buildActionMask = 2147483647;
			files = (
				43A4D80E25CDBA7600A3E185 /* Assets.xcassets in Resources */,
			);
			runOnlyForDeploymentPostprocessing = 0;
		};
		43A4D7F525CDBA7600A3E185 /* Resources */ = {
			isa = PBXResourcesBuildPhase;
			buildActionMask = 2147483647;
			files = (
			);
			runOnlyForDeploymentPostprocessing = 0;
		};
		43A4D80025CDBA7600A3E185 /* Resources */ = {
			isa = PBXResourcesBuildPhase;
			buildActionMask = 2147483647;
			files = (
			);
			runOnlyForDeploymentPostprocessing = 0;
		};
/* End PBXResourcesBuildPhase section */

/* Begin PBXSourcesBuildPhase section */
		43A4D7E325CDBA7600A3E185 /* Sources */ = {
			isa = PBXSourcesBuildPhase;
			buildActionMask = 2147483647;
			files = (
				43A4D80B25CDBA7600A3E185 /* ContentView.swift in Sources */,
				43A4D80925CDBA7600A3E185 /* HW_2_ErrorAssesementApp.swift in Sources */,
			);
			runOnlyForDeploymentPostprocessing = 0;
		};
		43A4D7EB25CDBA7600A3E185 /* Sources */ = {
			isa = PBXSourcesBuildPhase;
			buildActionMask = 2147483647;
			files = (
				43A4D80C25CDBA7600A3E185 /* ContentView.swift in Sources */,
				43A4D80A25CDBA7600A3E185 /* HW_2_ErrorAssesementApp.swift in Sources */,
			);
			runOnlyForDeploymentPostprocessing = 0;
		};
		43A4D7F325CDBA7600A3E185 /* Sources */ = {
			isa = PBXSourcesBuildPhase;
			buildActionMask = 2147483647;
			files = (
				43A4D7FC25CDBA7600A3E185 /* Tests_iOS.swift in Sources */,
			);
			runOnlyForDeploymentPostprocessing = 0;
		};
		43A4D7FE25CDBA7600A3E185 /* Sources */ = {
			isa = PBXSourcesBuildPhase;
			buildActionMask = 2147483647;
			files = (
				43A4D80725CDBA7600A3E185 /* Tests_macOS.swift in Sources */,
			);
			runOnlyForDeploymentPostprocessing = 0;
		};
/* End PBXSourcesBuildPhase section */

/* Begin PBXTargetDependency section */
		43A4D7F925CDBA7600A3E185 /* PBXTargetDependency */ = {
			isa = PBXTargetDependency;
			target = 43A4D7E625CDBA7600A3E185 /* HW.2.ErrorAssesement (iOS) */;
			targetProxy = 43A4D7F825CDBA7600A3E185 /* PBXContainerItemProxy */;
		};
		43A4D80425CDBA7600A3E185 /* PBXTargetDependency */ = {
			isa = PBXTargetDependency;
			target = 43A4D7EE25CDBA7600A3E185 /* HW.2.ErrorAssesement (macOS) */;
			targetProxy = 43A4D80325CDBA7600A3E185 /* PBXContainerItemProxy */;
		};
/* End PBXTargetDependency section */

/* Begin XCBuildConfiguration section */
		43A4D80F25CDBA7600A3E185 /* Debug */ = {
			isa = XCBuildConfiguration;
			buildSettings = {
				ALWAYS_SEARCH_USER_PATHS = NO;
				CLANG_ANALYZER_NONNULL = YES;
				CLANG_ANALYZER_NUMBER_OBJECT_CONVERSION = YES_AGGRESSIVE;
				CLANG_CXX_LANGUAGE_STANDARD = "gnu++14";
				CLANG_CXX_LIBRARY = "libc++";
				CLANG_ENABLE_MODULES = YES;
				CLANG_ENABLE_OBJC_ARC = YES;
				CLANG_ENABLE_OBJC_WEAK = YES;
				CLANG_WARN_BLOCK_CAPTURE_AUTORELEASING = YES;
				CLANG_WARN_BOOL_CONVERSION = YES;
				CLANG_WARN_COMMA = YES;
				CLANG_WARN_CONSTANT_CONVERSION = YES;
				CLANG_WARN_DEPRECATED_OBJC_IMPLEMENTATIONS = YES;
				CLANG_WARN_DIRECT_OBJC_ISA_USAGE = YES_ERROR;
				CLANG_WARN_DOCUMENTATION_COMMENTS = YES;
				CLANG_WARN_EMPTY_BODY = YES;
				CLANG_WARN_ENUM_CONVERSION = YES;
				CLANG_WARN_INFINITE_RECURSION = YES;
				CLANG_WARN_INT_CONVERSION = YES;
				CLANG_WARN_NON_LITERAL_NULL_CONVERSION = YES;
				CLANG_WARN_OBJC_IMPLICIT_RETAIN_SELF = YES;
				CLANG_WARN_OBJC_LITERAL_CONVERSION = YES;
				CLANG_WARN_OBJC_ROOT_CLASS = YES_ERROR;
				CLANG_WARN_QUOTED_INCLUDE_IN_FRAMEWORK_HEADER = YES;
				CLANG_WARN_RANGE_LOOP_ANALYSIS = YES;
				CLANG_WARN_STRICT_PROTOTYPES = YES;
				CLANG_WARN_SUSPICIOUS_MOVE = YES;
				CLANG_WARN_UNGUARDED_AVAILABILITY = YES_AGGRESSIVE;
				CLANG_WARN_UNREACHABLE_CODE = YES;
				CLANG_WARN__DUPLICATE_METHOD_MATCH = YES;
				COPY_PHASE_STRIP = NO;
				DEBUG_INFORMATION_FORMAT = dwarf;
				ENABLE_STRICT_OBJC_MSGSEND = YES;
				ENABLE_TESTABILITY = YES;
				GCC_C_LANGUAGE_STANDARD = gnu11;
				GCC_DYNAMIC_NO_PIC = NO;
				GCC_NO_COMMON_BLOCKS = YES;
				GCC_OPTIMIZATION_LEVEL = 0;
				GCC_PREPROCESSOR_DEFINITIONS = (
					"DEBUG=1",
					"$(inherited)",
				);
				GCC_WARN_64_TO_32_BIT_CONVERSION = YES;
				GCC_WARN_ABOUT_RETURN_TYPE = YES_ERROR;
				GCC_WARN_UNDECLARED_SELECTOR = YES;
				GCC_WARN_UNINITIALIZED_AUTOS = YES_AGGRESSIVE;
				GCC_WARN_UNUSED_FUNCTION = YES;
				GCC_WARN_UNUSED_VARIABLE = YES;
				MTL_ENABLE_DEBUG_INFO = INCLUDE_SOURCE;
				MTL_FAST_MATH = YES;
				ONLY_ACTIVE_ARCH = YES;
				SWIFT_ACTIVE_COMPILATION_CONDITIONS = DEBUG;
				SWIFT_OPTIMIZATION_LEVEL = "-Onone";
			};
			name = Debug;
		};
		43A4D81025CDBA7600A3E185 /* Release */ = {
			isa = XCBuildConfiguration;
			buildSettings = {
				ALWAYS_SEARCH_USER_PATHS = NO;
				CLANG_ANALYZER_NONNULL = YES;
				CLANG_ANALYZER_NUMBER_OBJECT_CONVERSION = YES_AGGRESSIVE;
				CLANG_CXX_LANGUAGE_STANDARD = "gnu++14";
				CLANG_CXX_LIBRARY = "libc++";
				CLANG_ENABLE_MODULES = YES;
				CLANG_ENABLE_OBJC_ARC = YES;
				CLANG_ENABLE_OBJC_WEAK = YES;
				CLANG_WARN_BLOCK_CAPTURE_AUTORELEASING = YES;
				CLANG_WARN_BOOL_CONVERSION = YES;
				CLANG_WARN_COMMA = YES;
				CLANG_WARN_CONSTANT_CONVERSION = YES;
				CLANG_WARN_DEPRECATED_OBJC_IMPLEMENTATIONS = YES;
				CLANG_WARN_DIRECT_OBJC_ISA_USAGE = YES_ERROR;
				CLANG_WARN_DOCUMENTATION_COMMENTS = YES;
				CLANG_WARN_EMPTY_BODY = YES;
				CLANG_WARN_ENUM_CONVERSION = YES;
				CLANG_WARN_INFINITE_RECURSION = YES;
				CLANG_WARN_INT_CONVERSION = YES;
				CLANG_WARN_NON_LITERAL_NULL_CONVERSION = YES;
				CLANG_WARN_OBJC_IMPLICIT_RETAIN_SELF = YES;
				CLANG_WARN_OBJC_LITERAL_CONVERSION = YES;
				CLANG_WARN_OBJC_ROOT_CLASS = YES_ERROR;
				CLANG_WARN_QUOTED_INCLUDE_IN_FRAMEWORK_HEADER = YES;
				CLANG_WARN_RANGE_LOOP_ANALYSIS = YES;
				CLANG_WARN_STRICT_PROTOTYPES = YES;
				CLANG_WARN_SUSPICIOUS_MOVE = YES;
				CLANG_WARN_UNGUARDED_AVAILABILITY = YES_AGGRESSIVE;
				CLANG_WARN_UNREACHABLE_CODE = YES;
				CLANG_WARN__DUPLICATE_METHOD_MATCH = YES;
				COPY_PHASE_STRIP = NO;
				DEBUG_INFORMATION_FORMAT = "dwarf-with-dsym";
				ENABLE_NS_ASSERTIONS = NO;
				ENABLE_STRICT_OBJC_MSGSEND = YES;
				GCC_C_LANGUAGE_STANDARD = gnu11;
				GCC_NO_COMMON_BLOCKS = YES;
				GCC_WARN_64_TO_32_BIT_CONVERSION = YES;
				GCC_WARN_ABOUT_RETURN_TYPE = YES_ERROR;
				GCC_WARN_UNDECLARED_SELECTOR = YES;
				GCC_WARN_UNINITIALIZED_AUTOS = YES_AGGRESSIVE;
				GCC_WARN_UNUSED_FUNCTION = YES;
				GCC_WARN_UNUSED_VARIABLE = YES;
				MTL_ENABLE_DEBUG_INFO = NO;
				MTL_FAST_MATH = YES;
				SWIFT_COMPILATION_MODE = wholemodule;
				SWIFT_OPTIMIZATION_LEVEL = "-O";
			};
			name = Release;
		};
		43A4D81225CDBA7600A3E185 /* Debug */ = {
			isa = XCBuildConfiguration;
			buildSettings = {
				ASSETCATALOG_COMPILER_APPICON_NAME = AppIcon;
				ASSETCATALOG_COMPILER_GLOBAL_ACCENT_COLOR_NAME = AccentColor;
				CODE_SIGN_STYLE = Automatic;
				DEVELOPMENT_TEAM = 474K5VTWLD;
				ENABLE_PREVIEWS = YES;
				INFOPLIST_FILE = iOS/Info.plist;
				IPHONEOS_DEPLOYMENT_TARGET = 14.0;
				LD_RUNPATH_SEARCH_PATHS = (
					"$(inherited)",
					"@executable_path/Frameworks",
				);
				PRODUCT_BUNDLE_IDENTIFIER = "IIT.alim3.HW-2-ErrorAssesement";
				PRODUCT_NAME = HW.2.ErrorAssesement;
				SDKROOT = iphoneos;
				SWIFT_VERSION = 5.0;
				TARGETED_DEVICE_FAMILY = "1,2";
			};
			name = Debug;
		};
		43A4D81325CDBA7600A3E185 /* Release */ = {
			isa = XCBuildConfiguration;
			buildSettings = {
				ASSETCATALOG_COMPILER_APPICON_NAME = AppIcon;
				ASSETCATALOG_COMPILER_GLOBAL_ACCENT_COLOR_NAME = AccentColor;
				CODE_SIGN_STYLE = Automatic;
				DEVELOPMENT_TEAM = 474K5VTWLD;
				ENABLE_PREVIEWS = YES;
				INFOPLIST_FILE = iOS/Info.plist;
				IPHONEOS_DEPLOYMENT_TARGET = 14.0;
				LD_RUNPATH_SEARCH_PATHS = (
					"$(inherited)",
					"@executable_path/Frameworks",
				);
				PRODUCT_BUNDLE_IDENTIFIER = "IIT.alim3.HW-2-ErrorAssesement";
				PRODUCT_NAME = HW.2.ErrorAssesement;
				SDKROOT = iphoneos;
				SWIFT_VERSION = 5.0;
				TARGETED_DEVICE_FAMILY = "1,2";
				VALIDATE_PRODUCT = YES;
			};
			name = Release;
		};
		43A4D81525CDBA7600A3E185 /* Debug */ = {
			isa = XCBuildConfiguration;
			buildSettings = {
				ASSETCATALOG_COMPILER_APPICON_NAME = AppIcon;
				ASSETCATALOG_COMPILER_GLOBAL_ACCENT_COLOR_NAME = AccentColor;
				CODE_SIGN_ENTITLEMENTS = macOS/macOS.entitlements;
				CODE_SIGN_STYLE = Automatic;
				COMBINE_HIDPI_IMAGES = YES;
				DEVELOPMENT_TEAM = 474K5VTWLD;
				ENABLE_HARDENED_RUNTIME = YES;
				ENABLE_PREVIEWS = YES;
				INFOPLIST_FILE = macOS/Info.plist;
				LD_RUNPATH_SEARCH_PATHS = (
					"$(inherited)",
					"@executable_path/../Frameworks",
				);
				MACOSX_DEPLOYMENT_TARGET = 11.0;
				PRODUCT_BUNDLE_IDENTIFIER = "IIT.alim3.HW-2-ErrorAssesement";
				PRODUCT_NAME = HW.2.ErrorAssesement;
				SDKROOT = macosx;
				SWIFT_VERSION = 5.0;
			};
			name = Debug;
		};
		43A4D81625CDBA7600A3E185 /* Release */ = {
			isa = XCBuildConfiguration;
			buildSettings = {
				ASSETCATALOG_COMPILER_APPICON_NAME = AppIcon;
				ASSETCATALOG_COMPILER_GLOBAL_ACCENT_COLOR_NAME = AccentColor;
				CODE_SIGN_ENTITLEMENTS = macOS/macOS.entitlements;
				CODE_SIGN_STYLE = Automatic;
				COMBINE_HIDPI_IMAGES = YES;
				DEVELOPMENT_TEAM = 474K5VTWLD;
				ENABLE_HARDENED_RUNTIME = YES;
				ENABLE_PREVIEWS = YES;
				INFOPLIST_FILE = macOS/Info.plist;
				LD_RUNPATH_SEARCH_PATHS = (
					"$(inherited)",
					"@executable_path/../Frameworks",
				);
				MACOSX_DEPLOYMENT_TARGET = 11.0;
				PRODUCT_BUNDLE_IDENTIFIER = "IIT.alim3.HW-2-ErrorAssesement";
				PRODUCT_NAME = HW.2.ErrorAssesement;
				SDKROOT = macosx;
				SWIFT_VERSION = 5.0;
			};
			name = Release;
		};
		43A4D81825CDBA7600A3E185 /* Debug */ = {
			isa = XCBuildConfiguration;
			buildSettings = {
				ALWAYS_EMBED_SWIFT_STANDARD_LIBRARIES = YES;
				CODE_SIGN_STYLE = Automatic;
				DEVELOPMENT_TEAM = 474K5VTWLD;
				INFOPLIST_FILE = "Tests iOS/Info.plist";
				IPHONEOS_DEPLOYMENT_TARGET = 14.4;
				LD_RUNPATH_SEARCH_PATHS = (
					"$(inherited)",
					"@executable_path/Frameworks",
					"@loader_path/Frameworks",
				);
				PRODUCT_BUNDLE_IDENTIFIER = "IIT.alim3.Tests-iOS";
				PRODUCT_NAME = "$(TARGET_NAME)";
				SDKROOT = iphoneos;
				SWIFT_VERSION = 5.0;
				TARGETED_DEVICE_FAMILY = "1,2";
				TEST_TARGET_NAME = "HW.2.ErrorAssesement (iOS)";
			};
			name = Debug;
		};
		43A4D81925CDBA7600A3E185 /* Release */ = {
			isa = XCBuildConfiguration;
			buildSettings = {
				ALWAYS_EMBED_SWIFT_STANDARD_LIBRARIES = YES;
				CODE_SIGN_STYLE = Automatic;
				DEVELOPMENT_TEAM = 474K5VTWLD;
				INFOPLIST_FILE = "Tests iOS/Info.plist";
				IPHONEOS_DEPLOYMENT_TARGET = 14.4;
				LD_RUNPATH_SEARCH_PATHS = (
					"$(inherited)",
					"@executable_path/Frameworks",
					"@loader_path/Frameworks",
				);
				PRODUCT_BUNDLE_IDENTIFIER = "IIT.alim3.Tests-iOS";
				PRODUCT_NAME = "$(TARGET_NAME)";
				SDKROOT = iphoneos;
				SWIFT_VERSION = 5.0;
				TARGETED_DEVICE_FAMILY = "1,2";
				TEST_TARGET_NAME = "HW.2.ErrorAssesement (iOS)";
				VALIDATE_PRODUCT = YES;
			};
			name = Release;
		};
		43A4D81B25CDBA7600A3E185 /* Debug */ = {
			isa = XCBuildConfiguration;
			buildSettings = {
				ALWAYS_EMBED_SWIFT_STANDARD_LIBRARIES = YES;
				CODE_SIGN_STYLE = Automatic;
				COMBINE_HIDPI_IMAGES = YES;
				DEVELOPMENT_TEAM = 474K5VTWLD;
				INFOPLIST_FILE = "Tests macOS/Info.plist";
				LD_RUNPATH_SEARCH_PATHS = (
					"$(inherited)",
					"@executable_path/../Frameworks",
					"@loader_path/../Frameworks",
				);
				MACOSX_DEPLOYMENT_TARGET = 11.1;
				PRODUCT_BUNDLE_IDENTIFIER = "IIT.alim3.Tests-macOS";
				PRODUCT_NAME = "$(TARGET_NAME)";
				SDKROOT = macosx;
				SWIFT_VERSION = 5.0;
				TEST_TARGET_NAME = "HW.2.ErrorAssesement (macOS)";
			};
			name = Debug;
		};
		43A4D81C25CDBA7600A3E185 /* Release */ = {
			isa = XCBuildConfiguration;
			buildSettings = {
				ALWAYS_EMBED_SWIFT_STANDARD_LIBRARIES = YES;
				CODE_SIGN_STYLE = Automatic;
				COMBINE_HIDPI_IMAGES = YES;
				DEVELOPMENT_TEAM = 474K5VTWLD;
				INFOPLIST_FILE = "Tests macOS/Info.plist";
				LD_RUNPATH_SEARCH_PATHS = (
					"$(inherited)",
					"@executable_path/../Frameworks",
					"@loader_path/../Frameworks",
				);
				MACOSX_DEPLOYMENT_TARGET = 11.1;
				PRODUCT_BUNDLE_IDENTIFIER = "IIT.alim3.Tests-macOS";
				PRODUCT_NAME = "$(TARGET_NAME)";
				SDKROOT = macosx;
				SWIFT_VERSION = 5.0;
				TEST_TARGET_NAME = "HW.2.ErrorAssesement (macOS)";
			};
			name = Release;
		};
/* End XCBuildConfiguration section */

/* Begin XCConfigurationList section */
		43A4D7DE25CDBA7500A3E185 /* Build configuration list for PBXProject "HW.2.ErrorAssesement" */ = {
			isa = XCConfigurationList;
			buildConfigurations = (
				43A4D80F25CDBA7600A3E185 /* Debug */,
				43A4D81025CDBA7600A3E185 /* Release */,
			);
			defaultConfigurationIsVisible = 0;
			defaultConfigurationName = Release;
		};
		43A4D81125CDBA7600A3E185 /* Build configuration list for PBXNativeTarget "HW.2.ErrorAssesement (iOS)" */ = {
			isa = XCConfigurationList;
			buildConfigurations = (
				43A4D81225CDBA7600A3E185 /* Debug */,
				43A4D81325CDBA7600A3E185 /* Release */,
			);
			defaultConfigurationIsVisible = 0;
			defaultConfigurationName = Release;
		};
		43A4D81425CDBA7600A3E185 /* Build configuration list for PBXNativeTarget "HW.2.ErrorAssesement (macOS)" */ = {
			isa = XCConfigurationList;
			buildConfigurations = (
				43A4D81525CDBA7600A3E185 /* Debug */,
				43A4D81625CDBA7600A3E185 /* Release */,
			);
			defaultConfigurationIsVisible = 0;
			defaultConfigurationName = Release;
		};
		43A4D81725CDBA7600A3E185 /* Build configuration list for PBXNativeTarget "Tests iOS" */ = {
			isa = XCConfigurationList;
			buildConfigurations = (
				43A4D81825CDBA7600A3E185 /* Debug */,
				43A4D81925CDBA7600A3E185 /* Release */,
			);
			defaultConfigurationIsVisible = 0;
			defaultConfigurationName = Release;
		};
		43A4D81A25CDBA7600A3E185 /* Build configuration list for PBXNativeTarget "Tests macOS" */ = {
			isa = XCConfigurationList;
			buildConfigurations = (
				43A4D81B25CDBA7600A3E185 /* Debug */,
				43A4D81C25CDBA7600A3E185 /* Release */,
			);
			defaultConfigurationIsVisible = 0;
			defaultConfigurationName = Release;
		};
/* End XCConfigurationList section */
	};
	rootObject = 43A4D7DB25CDBA7500A3E185 /* Project object */;
}
